
Microsoft Visual Studio Solution File, Format Version 12.00
# Visual Studio Version 17
VisualStudioVersion = 17.9.34701.34
MinimumVisualStudioVersion = 10.0.40219.1
Project("{FAE04EC0-301F-11D3-BF4B-00C04F79EFBC}") = "Cadastro Simples", "ExemploCRUD\Cadastro Simples.csproj", "{8D1830D8-0653-4350-A9C8-940A989A1ADA}"
EndProject
Global
	GlobalSection(SolutionConfigurationPlatforms) = preSolution
		Debug|Any CPU = Debug|Any CPU
		Release|Any CPU = Release|Any CPU
	EndGlobalSection
	GlobalSection(ProjectConfigurationPlatforms) = postSolution
		{8D1830D8-0653-4350-A9C8-940A989A1ADA}.Debug|Any CPU.ActiveCfg = Debug|Any CPU
		{8D1830D8-0653-4350-A9C8-940A989A1ADA}.Debug|Any CPU.Build.0 = Debug|Any CPU
		{8D1830D8-0653-4350-A9C8-940A989A1ADA}.Release|Any CPU.ActiveCfg = Release|Any CPU
		{8D1830D8-0653-4350-A9C8-940A989A1ADA}.Release|Any CPU.Build.0 = Release|Any CPU
	EndGlobalSection
	GlobalSection(SolutionProperties) = preSolution
		HideSolutionNode = FALSE
	EndGlobalSection
	GlobalSection(ExtensibilityGlobals) = postSolution
		SolutionGuid = {0211BC49-71A5-46DC-8C07-0F0BD3C03CA1}
	EndGlobalSection
EndGlobal
